
Microsoft Visual Studio Solution File, Format Version 12.00
Project("{FAE04EC0-301F-11D3-BF4B-00C04F79EFBC}") = "WebApi", "WebApi\WebApi.csproj", "{02FFCF45-3A91-417F-BA59-35C53B98BD7E}"
EndProject
Project("{FAE04EC0-301F-11D3-BF4B-00C04F79EFBC}") = "Entities", "Entities\Entities.csproj", "{0B2FBD5B-3A20-45DD-99B6-3017E52CBA6A}"
EndProject
Project("{FAE04EC0-301F-11D3-BF4B-00C04F79EFBC}") = "Contracts", "Contracts\Contracts.csproj", "{FBF66969-7DF8-444C-93DB-98E8EF3AED80}"
EndProject
Project("{FAE04EC0-301F-11D3-BF4B-00C04F79EFBC}") = "Repositories", "Repositories\Repositories.csproj", "{845D3EBA-0EAE-4E37-8398-D8DEF0BFD15B}"
EndProject
Project("{FAE04EC0-301F-11D3-BF4B-00C04F79EFBC}") = "Services.Abstract", "Services.Abstract\Services.Abstract.csproj", "{66B6DCE2-BF5F-423F-934B-5E8A987F0434}"
EndProject
Global
	GlobalSection(SolutionConfigurationPlatforms) = preSolution
		Debug|Any CPU = Debug|Any CPU
		Release|Any CPU = Release|Any CPU
	EndGlobalSection
	GlobalSection(ProjectConfigurationPlatforms) = postSolution
		{02FFCF45-3A91-417F-BA59-35C53B98BD7E}.Debug|Any CPU.ActiveCfg = Debug|Any CPU
		{02FFCF45-3A91-417F-BA59-35C53B98BD7E}.Debug|Any CPU.Build.0 = Debug|Any CPU
		{02FFCF45-3A91-417F-BA59-35C53B98BD7E}.Release|Any CPU.ActiveCfg = Release|Any CPU
		{02FFCF45-3A91-417F-BA59-35C53B98BD7E}.Release|Any CPU.Build.0 = Release|Any CPU
		{0B2FBD5B-3A20-45DD-99B6-3017E52CBA6A}.Debug|Any CPU.ActiveCfg = Debug|Any CPU
		{0B2FBD5B-3A20-45DD-99B6-3017E52CBA6A}.Debug|Any CPU.Build.0 = Debug|Any CPU
		{0B2FBD5B-3A20-45DD-99B6-3017E52CBA6A}.Release|Any CPU.ActiveCfg = Release|Any CPU
		{0B2FBD5B-3A20-45DD-99B6-3017E52CBA6A}.Release|Any CPU.Build.0 = Release|Any CPU
		{FBF66969-7DF8-444C-93DB-98E8EF3AED80}.Debug|Any CPU.ActiveCfg = Debug|Any CPU
		{FBF66969-7DF8-444C-93DB-98E8EF3AED80}.Debug|Any CPU.Build.0 = Debug|Any CPU
		{FBF66969-7DF8-444C-93DB-98E8EF3AED80}.Release|Any CPU.ActiveCfg = Release|Any CPU
		{FBF66969-7DF8-444C-93DB-98E8EF3AED80}.Release|Any CPU.Build.0 = Release|Any CPU
		{845D3EBA-0EAE-4E37-8398-D8DEF0BFD15B}.Debug|Any CPU.ActiveCfg = Debug|Any CPU
		{845D3EBA-0EAE-4E37-8398-D8DEF0BFD15B}.Debug|Any CPU.Build.0 = Debug|Any CPU
		{845D3EBA-0EAE-4E37-8398-D8DEF0BFD15B}.Release|Any CPU.ActiveCfg = Release|Any CPU
		{845D3EBA-0EAE-4E37-8398-D8DEF0BFD15B}.Release|Any CPU.Build.0 = Release|Any CPU
		{66B6DCE2-BF5F-423F-934B-5E8A987F0434}.Debug|Any CPU.ActiveCfg = Debug|Any CPU
		{66B6DCE2-BF5F-423F-934B-5E8A987F0434}.Debug|Any CPU.Build.0 = Debug|Any CPU
		{66B6DCE2-BF5F-423F-934B-5E8A987F0434}.Release|Any CPU.ActiveCfg = Release|Any CPU
		{66B6DCE2-BF5F-423F-934B-5E8A987F0434}.Release|Any CPU.Build.0 = Release|Any CPU
	EndGlobalSection
EndGlobal
